<?xml version="1.0" encoding="utf-8"?>
<Project ToolsVersion="4.0" xmlns="http://schemas.microsoft.com/developer/msbuild/2003">
  <ItemGroup>
    <Filter Include="ソース ファイル">
      <UniqueIdentifier>{4FC737F1-C7A5-4376-A066-2A32D752A2FF}</UniqueIdentifier>
      <Extensions>cpp;c;cc;cxx;def;odl;idl;hpj;bat;asm;asmx</Extensions>
    </Filter>
    <Filter Include="ヘッダー ファイル">
      <UniqueIdentifier>{93995380-89BD-4b04-88EB-625FBE52EBFB}</UniqueIdentifier>
      <Extensions>h;hh;hpp;hxx;hm;inl;inc;ipp;xsd</Extensions>
    </Filter>
    <Filter Include="リソース ファイル">
      <UniqueIdentifier>{67DA6AB6-F800-4c08-8B7A-83BB121AAD01}</UniqueIdentifier>
      <Extensions>rc;ico;cur;bmp;dlg;rc2;rct;bin;rgs;gif;jpg;jpeg;jpe;resx;tiff;tif;png;wav;mfcribbon-ms</Extensions>
    </Filter>
    <Filter Include="ソース ファイル\Scene">
      <UniqueIdentifier>{7f9dd214-aac8-4779-9cb5-90a56eb0ec50}</UniqueIdentifier>
    </Filter>
    <Filter Include="ヘッダー ファイル\Scene">
      <UniqueIdentifier>{cdaaf579-34df-4439-a506-eadda74291ad}</UniqueIdentifier>
    </Filter>
    <Filter Include="ソース ファイル\Floor">
      <UniqueIdentifier>{0da20ea7-a140-49ca-9aee-ca27d26ac3db}</UniqueIdentifier>
    </Filter>
    <Filter Include="ヘッダー ファイル\Floor">
      <UniqueIdentifier>{ba34cafb-67e6-4638-8fa2-92b11c962500}</UniqueIdentifier>
    </Filter>
    <Filter Include="ソース ファイル\Mng">
      <UniqueIdentifier>{4a46cd9a-887d-4117-a319-cca2883f7649}</UniqueIdentifier>
    </Filter>
    <Filter Include="ソース ファイル\Player">
      <UniqueIdentifier>{1aa0623f-ea4c-4018-955d-c5178a56fe89}</UniqueIdentifier>
    </Filter>
    <Filter Include="ヘッダー ファイル\Mng">
      <UniqueIdentifier>{bcc4abcd-0fd7-4a96-9e41-88d62c6640b5}</UniqueIdentifier>
    </Filter>
    <Filter Include="ヘッダー ファイル\Player">
      <UniqueIdentifier>{302dbc93-264c-4496-9be8-50e58c5fcbb6}</UniqueIdentifier>
    </Filter>
    <Filter Include="ソース ファイル\その他">
      <UniqueIdentifier>{067d703e-7797-40b7-aab5-416cafc60f47}</UniqueIdentifier>
    </Filter>
    <Filter Include="ヘッダー ファイル\その他">
      <UniqueIdentifier>{98edd66b-8f86-46d8-9bee-e5901045b882}</UniqueIdentifier>
    </Filter>
    <Filter Include="ヘッダー ファイル\Player\enumClass">
      <UniqueIdentifier>{7d1d524e-ab5a-4c2e-a2d1-8b0cd88e6734}</UniqueIdentifier>
    </Filter>
  </ItemGroup>
  <ItemGroup>
    <ClInclude Include="source\BaseScene.h">
      <Filter>ヘッダー ファイル\Scene</Filter>
    </ClInclude>
    <ClInclude Include="source\CollisionEditScene.h">
      <Filter>ヘッダー ファイル\Scene</Filter>
    </ClInclude>
    <ClInclude Include="source\GameScene.h">
      <Filter>ヘッダー ファイル\Scene</Filter>
    </ClInclude>
    <ClInclude Include="source\SceneMng.h">
      <Filter>ヘッダー ファイル\Scene</Filter>
    </ClInclude>
    <ClInclude Include="source\BaseFloor.h">
      <Filter>ヘッダー ファイル\Floor</Filter>
    </ClInclude>
    <ClInclude Include="source\classFloor.h">
      <Filter>ヘッダー ファイル\Floor</Filter>
    </ClInclude>
    <ClInclude Include="source\FloorMove.h">
      <Filter>ヘッダー ファイル\Floor</Filter>
    </ClInclude>
    <ClInclude Include="source\FloorNormal.h">
      <Filter>ヘッダー ファイル\Floor</Filter>
    </ClInclude>
    <ClInclude Include="source\SelectScene.h">
      <Filter>ヘッダー ファイル\Scene</Filter>
    </ClInclude>
    <ClInclude Include="source\ResultScene.h">
      <Filter>ヘッダー ファイル\Scene</Filter>
    </ClInclude>
    <ClInclude Include="source\TitleScene.h">
      <Filter>ヘッダー ファイル\Scene</Filter>
    </ClInclude>
    <ClInclude Include="source\ColMng.h">
      <Filter>ヘッダー ファイル\Mng</Filter>
    </ClInclude>
    <ClInclude Include="source\FontMng.h">
      <Filter>ヘッダー ファイル\Mng</Filter>
    </ClInclude>
    <ClInclude Include="source\ImageMng.h">
      <Filter>ヘッダー ファイル\Mng</Filter>
    </ClInclude>
    <ClInclude Include="source\SoundMng.h">
      <Filter>ヘッダー ファイル\Mng</Filter>
    </ClInclude>
    <ClInclude Include="source\Obj.h">
      <Filter>ヘッダー ファイル\Player</Filter>
    </ClInclude>
    <ClInclude Include="source\Umbrella.h">
      <Filter>ヘッダー ファイル\Player</Filter>
    </ClInclude>
    <ClInclude Include="source\Lid.h">
      <Filter>ヘッダー ファイル\Player</Filter>
    </ClInclude>
    <ClInclude Include="source\Broom.h">
      <Filter>ヘッダー ファイル\Player</Filter>
    </ClInclude>
    <ClInclude Include="source\Chicken.h">
      <Filter>ヘッダー ファイル\Player</Filter>
    </ClInclude>
    <ClInclude Include="source\classChicken.h">
      <Filter>ヘッダー ファイル\Player</Filter>
    </ClInclude>
    <ClInclude Include="source\StageSelectScene.h">
      <Filter>ヘッダー ファイル\Scene</Filter>
    </ClInclude>
    <ClInclude Include="source\FloorCar.h">
      <Filter>ヘッダー ファイル\Floor</Filter>
    </ClInclude>
    <ClInclude Include="source\classObj.h">
      <Filter>ヘッダー ファイル\その他</Filter>
    </ClInclude>
    <ClInclude Include="source\Collision.h">
      <Filter>ヘッダー ファイル\その他</Filter>
    </ClInclude>
    <ClInclude Include="source\Color.h">
      <Filter>ヘッダー ファイル\その他</Filter>
    </ClInclude>
    <ClInclude Include="source\ExpOrb.h">
      <Filter>ヘッダー ファイル\その他</Filter>
    </ClInclude>
    <ClInclude Include="source\Fps.h">
      <Filter>ヘッダー ファイル\その他</Filter>
    </ClInclude>
    <ClInclude Include="source\Gamecontroller.h">
      <Filter>ヘッダー ファイル\その他</Filter>
    </ClInclude>
    <ClInclude Include="source\TurnThePage.h">
      <Filter>ヘッダー ファイル\その他</Filter>
    </ClInclude>
    <ClInclude Include="source\VECTOR2.h">
      <Filter>ヘッダー ファイル\その他</Filter>
    </ClInclude>
    <ClInclude Include="source\DIR.h">
      <Filter>ヘッダー ファイル\Player\enumClass</Filter>
    </ClInclude>
    <ClInclude Include="source\LOCATE.h">
      <Filter>ヘッダー ファイル\Player\enumClass</Filter>
    </ClInclude>
    <ClInclude Include="source\PARAM.h">
      <Filter>ヘッダー ファイル\Player\enumClass</Filter>
    </ClInclude>
    <ClInclude Include="Fader.h">
      <Filter>ヘッダー ファイル\その他</Filter>
    </ClInclude>
    <ClInclude Include="Timer.h">
      <Filter>ヘッダー ファイル\その他</Filter>
    </ClInclude>
  </ItemGroup>
  <ItemGroup>
    <ClCompile Include="source\BaseScene.cpp">
      <Filter>ソース ファイル\Scene</Filter>
    </ClCompile>
    <ClCompile Include="source\CollisionEditScene.cpp">
      <Filter>ソース ファイル\Scene</Filter>
    </ClCompile>
    <ClCompile Include="source\GameScene.cpp">
      <Filter>ソース ファイル\Scene</Filter>
    </ClCompile>
    <ClCompile Include="source\SceneMng.cpp">
      <Filter>ソース ファイル\Scene</Filter>
    </ClCompile>
    <ClCompile Include="source\BaseFloor.cpp">
      <Filter>ソース ファイル\Floor</Filter>
    </ClCompile>
    <ClCompile Include="source\FloorMove.cpp">
      <Filter>ソース ファイル\Floor</Filter>
    </ClCompile>
    <ClCompile Include="source\FloorNormal.cpp">
      <Filter>ソース ファイル\Floor</Filter>
    </ClCompile>
    <ClCompile Include="source\SelectScene.cpp">
      <Filter>ソース ファイル\Scene</Filter>
    </ClCompile>
    <ClCompile Include="source\ResultScene.cpp">
      <Filter>ソース ファイル\Scene</Filter>
    </ClCompile>
    <ClCompile Include="source\TitleScene.cpp">
      <Filter>ソース ファイル\Scene</Filter>
    </ClCompile>
    <ClCompile Include="source\ColMng.cpp">
      <Filter>ソース ファイル\Mng</Filter>
    </ClCompile>
    <ClCompile Include="source\FontMng.cpp">
      <Filter>ソース ファイル\Mng</Filter>
    </ClCompile>
    <ClCompile Include="source\ImageMng.cpp">
      <Filter>ソース ファイル\Mng</Filter>
    </ClCompile>
    <ClCompile Include="source\SoundMng.cpp">
      <Filter>ソース ファイル\Mng</Filter>
    </ClCompile>
    <ClCompile Include="source\Obj.cpp">
      <Filter>ソース ファイル\Player</Filter>
    </ClCompile>
    <ClCompile Include="source\Umbrella.cpp">
      <Filter>ソース ファイル\Player</Filter>
    </ClCompile>
    <ClCompile Include="source\Lid.cpp">
      <Filter>ソース ファイル\Player</Filter>
    </ClCompile>
    <ClCompile Include="source\Broom.cpp">
      <Filter>ソース ファイル\Player</Filter>
    </ClCompile>
    <ClCompile Include="source\Chicken.cpp">
      <Filter>ソース ファイル\Player</Filter>
    </ClCompile>
    <ClCompile Include="source\StageSelectScene.cpp">
      <Filter>ソース ファイル\Scene</Filter>
    </ClCompile>
    <ClCompile Include="source\FloorCar.cpp">
      <Filter>ソース ファイル\Floor</Filter>
    </ClCompile>
    <ClCompile Include="source\Collision.cpp">
      <Filter>ソース ファイル\その他</Filter>
    </ClCompile>
    <ClCompile Include="source\ExpOrb.cpp">
      <Filter>ソース ファイル\その他</Filter>
    </ClCompile>
    <ClCompile Include="source\Gamecontroller.cpp">
      <Filter>ソース ファイル\その他</Filter>
    </ClCompile>
    <ClCompile Include="source\main.cpp">
      <Filter>ソース ファイル\その他</Filter>
    </ClCompile>
    <ClCompile Include="source\TurnThePage.cpp">
      <Filter>ソース ファイル\その他</Filter>
    </ClCompile>
    <ClCompile Include="source\VECTOR2.cpp">
      <Filter>ソース ファイル\その他</Filter>
    </ClCompile>
  </ItemGroup>
</Project>