<?xml version="1.0" encoding="utf-8"?>
<Project ToolsVersion="4.0" xmlns="http://schemas.microsoft.com/developer/msbuild/2003">
  <ItemGroup>
    <Filter Include="ソース ファイル">
      <UniqueIdentifier>{4FC737F1-C7A5-4376-A066-2A32D752A2FF}</UniqueIdentifier>
      <Extensions>cpp;c;cc;cxx;def;odl;idl;hpj;bat;asm;asmx</Extensions>
    </Filter>
    <Filter Include="ヘッダー ファイル">
      <UniqueIdentifier>{93995380-89BD-4b04-88EB-625FBE52EBFB}</UniqueIdentifier>
      <Extensions>h;hh;hpp;hxx;hm;inl;inc;ipp;xsd</Extensions>
    </Filter>
    <Filter Include="リソース ファイル">
      <UniqueIdentifier>{67DA6AB6-F800-4c08-8B7A-83BB121AAD01}</UniqueIdentifier>
      <Extensions>rc;ico;cur;bmp;dlg;rc2;rct;bin;rgs;gif;jpg;jpeg;jpe;resx;tiff;tif;png;wav;mfcribbon-ms</Extensions>
    </Filter>
    <Filter Include="ソース ファイル\character">
      <UniqueIdentifier>{5460c23d-4661-4e54-b102-6eedaf39b3a5}</UniqueIdentifier>
    </Filter>
    <Filter Include="ソース ファイル\character\AIState">
      <UniqueIdentifier>{ebb2a122-98d8-4a25-a941-0a1d8daaf2b1}</UniqueIdentifier>
    </Filter>
    <Filter Include="ソース ファイル\manager">
      <UniqueIdentifier>{4253cba4-2e34-40e7-8bcd-2d10a319b637}</UniqueIdentifier>
    </Filter>
    <Filter Include="ソース ファイル\scene">
      <UniqueIdentifier>{511af9f4-212a-49b3-925d-ddec485a26ac}</UniqueIdentifier>
    </Filter>
    <Filter Include="ヘッダー ファイル\character">
      <UniqueIdentifier>{efc79280-9803-4e1c-b9a3-5a4457fb8b53}</UniqueIdentifier>
    </Filter>
    <Filter Include="ヘッダー ファイル\character\AIState">
      <UniqueIdentifier>{69a5dd07-e8d8-40a9-bb3c-95857e997438}</UniqueIdentifier>
    </Filter>
    <Filter Include="ヘッダー ファイル\manager">
      <UniqueIdentifier>{078a6763-9359-447e-83a4-3e084814bfed}</UniqueIdentifier>
    </Filter>
    <Filter Include="ヘッダー ファイル\scene">
      <UniqueIdentifier>{2b8c3d92-8e31-4b6b-a5c6-99e888224624}</UniqueIdentifier>
    </Filter>
  </ItemGroup>
  <ItemGroup>
    <ClCompile Include="source\CharSelCursor.cpp">
      <Filter>ソース ファイル</Filter>
    </ClCompile>
    <ClCompile Include="source\Collision.cpp">
      <Filter>ソース ファイル</Filter>
    </ClCompile>
    <ClCompile Include="source\GameCtrl.cpp">
      <Filter>ソース ファイル</Filter>
    </ClCompile>
    <ClCompile Include="source\HitEffect.cpp">
      <Filter>ソース ファイル</Filter>
    </ClCompile>
    <ClCompile Include="source\Main.cpp">
      <Filter>ソース ファイル</Filter>
    </ClCompile>
    <ClCompile Include="source\Obj.cpp">
      <Filter>ソース ファイル</Filter>
    </ClCompile>
    <ClCompile Include="source\VECTOR2.cpp">
      <Filter>ソース ファイル</Filter>
    </ClCompile>
    <ClCompile Include="source\AICharacter.cpp">
      <Filter>ソース ファイル\character</Filter>
    </ClCompile>
    <ClCompile Include="source\Character.cpp">
      <Filter>ソース ファイル\character</Filter>
    </ClCompile>
    <ClCompile Include="source\AIStickHuman.cpp">
      <Filter>ソース ファイル\character</Filter>
    </ClCompile>
    <ClCompile Include="source\Shot.cpp">
      <Filter>ソース ファイル\character</Filter>
    </ClCompile>
    <ClCompile Include="source\StickHuman.cpp">
      <Filter>ソース ファイル\character</Filter>
    </ClCompile>
    <ClCompile Include="source\AIState.cpp">
      <Filter>ソース ファイル\character\AIState</Filter>
    </ClCompile>
    <ClCompile Include="source\AttackState.cpp">
      <Filter>ソース ファイル\character\AIState</Filter>
    </ClCompile>
    <ClCompile Include="source\DamageState.cpp">
      <Filter>ソース ファイル\character\AIState</Filter>
    </ClCompile>
    <ClCompile Include="source\JumpState.cpp">
      <Filter>ソース ファイル\character\AIState</Filter>
    </ClCompile>
    <ClCompile Include="source\GuardState.cpp">
      <Filter>ソース ファイル\character\AIState</Filter>
    </ClCompile>
    <ClCompile Include="source\MoveState.cpp">
      <Filter>ソース ファイル\character\AIState</Filter>
    </ClCompile>
    <ClCompile Include="source\LongAttackState.cpp">
      <Filter>ソース ファイル\character\AIState</Filter>
    </ClCompile>
    <ClCompile Include="source\WaitState.cpp">
      <Filter>ソース ファイル\character\AIState</Filter>
    </ClCompile>
    <ClCompile Include="source\FrameMng.cpp">
      <Filter>ソース ファイル\manager</Filter>
    </ClCompile>
    <ClCompile Include="source\CollisionMng.cpp">
      <Filter>ソース ファイル\manager</Filter>
    </ClCompile>
    <ClCompile Include="source\ImageMng.cpp">
      <Filter>ソース ファイル\manager</Filter>
    </ClCompile>
    <ClCompile Include="source\SceneMng.cpp">
      <Filter>ソース ファイル\manager</Filter>
    </ClCompile>
    <ClCompile Include="source\SoundMng.cpp">
      <Filter>ソース ファイル\manager</Filter>
    </ClCompile>
    <ClCompile Include="source\BaseScene.cpp">
      <Filter>ソース ファイル\scene</Filter>
    </ClCompile>
    <ClCompile Include="source\ExplanationScene.cpp">
      <Filter>ソース ファイル\scene</Filter>
    </ClCompile>
    <ClCompile Include="source\GameScene.cpp">
      <Filter>ソース ファイル\scene</Filter>
    </ClCompile>
    <ClCompile Include="source\ResultScene.cpp">
      <Filter>ソース ファイル\scene</Filter>
    </ClCompile>
    <ClCompile Include="source\SelectScene.cpp">
      <Filter>ソース ファイル\scene</Filter>
    </ClCompile>
    <ClCompile Include="source\TitleScene.cpp">
      <Filter>ソース ファイル\scene</Filter>
    </ClCompile>
  </ItemGroup>
  <ItemGroup>
    <ClInclude Include="source\CharSelCursor.h">
      <Filter>ヘッダー ファイル</Filter>
    </ClInclude>
    <ClInclude Include="source\Collision.h">
      <Filter>ヘッダー ファイル</Filter>
    </ClInclude>
    <ClInclude Include="source\GameCtrl.h">
      <Filter>ヘッダー ファイル</Filter>
    </ClInclude>
    <ClInclude Include="source\HitEffect.h">
      <Filter>ヘッダー ファイル</Filter>
    </ClInclude>
    <ClInclude Include="source\Obj.h">
      <Filter>ヘッダー ファイル</Filter>
    </ClInclude>
    <ClInclude Include="source\ObjList.h">
      <Filter>ヘッダー ファイル</Filter>
    </ClInclude>
    <ClInclude Include="source\VECTOR2.h">
      <Filter>ヘッダー ファイル</Filter>
    </ClInclude>
    <ClInclude Include="source\AICharacter.h">
      <Filter>ヘッダー ファイル\character</Filter>
    </ClInclude>
    <ClInclude Include="source\AIStickHuman.h">
      <Filter>ヘッダー ファイル\character</Filter>
    </ClInclude>
    <ClInclude Include="source\Character.h">
      <Filter>ヘッダー ファイル\character</Filter>
    </ClInclude>
    <ClInclude Include="source\Shot.h">
      <Filter>ヘッダー ファイル\character</Filter>
    </ClInclude>
    <ClInclude Include="source\StickHuman.h">
      <Filter>ヘッダー ファイル\character</Filter>
    </ClInclude>
    <ClInclude Include="source\AIState.h">
      <Filter>ヘッダー ファイル\character\AIState</Filter>
    </ClInclude>
    <ClInclude Include="source\AttackState.h">
      <Filter>ヘッダー ファイル\character\AIState</Filter>
    </ClInclude>
    <ClInclude Include="source\JumpState.h">
      <Filter>ヘッダー ファイル\character\AIState</Filter>
    </ClInclude>
    <ClInclude Include="source\LongAttackState.h">
      <Filter>ヘッダー ファイル\character\AIState</Filter>
    </ClInclude>
    <ClInclude Include="source\WaitState.h">
      <Filter>ヘッダー ファイル\character\AIState</Filter>
    </ClInclude>
    <ClInclude Include="source\DamageState.h">
      <Filter>ヘッダー ファイル\character\AIState</Filter>
    </ClInclude>
    <ClInclude Include="source\GuardState.h">
      <Filter>ヘッダー ファイル\character\AIState</Filter>
    </ClInclude>
    <ClInclude Include="source\MoveState.h">
      <Filter>ヘッダー ファイル\character\AIState</Filter>
    </ClInclude>
    <ClInclude Include="source\CollisionMng.h">
      <Filter>ヘッダー ファイル\manager</Filter>
    </ClInclude>
    <ClInclude Include="source\FrameMng.h">
      <Filter>ヘッダー ファイル\manager</Filter>
    </ClInclude>
    <ClInclude Include="source\ImageMng.h">
      <Filter>ヘッダー ファイル\manager</Filter>
    </ClInclude>
    <ClInclude Include="source\SceneMng.h">
      <Filter>ヘッダー ファイル\manager</Filter>
    </ClInclude>
    <ClInclude Include="source\SoundMng.h">
      <Filter>ヘッダー ファイル\manager</Filter>
    </ClInclude>
    <ClInclude Include="source\ExplanationScene.h">
      <Filter>ヘッダー ファイル\scene</Filter>
    </ClInclude>
    <ClInclude Include="source\BaseScene.h">
      <Filter>ヘッダー ファイル\scene</Filter>
    </ClInclude>
    <ClInclude Include="source\GameScene.h">
      <Filter>ヘッダー ファイル\scene</Filter>
    </ClInclude>
    <ClInclude Include="source\ResultScene.h">
      <Filter>ヘッダー ファイル\scene</Filter>
    </ClInclude>
    <ClInclude Include="source\SelectScene.h">
      <Filter>ヘッダー ファイル\scene</Filter>
    </ClInclude>
    <ClInclude Include="source\TitleScene.h">
      <Filter>ヘッダー ファイル\scene</Filter>
    </ClInclude>
  </ItemGroup>
</Project>