<?xml version="1.0" encoding="utf-8"?>
<Project ToolsVersion="4.0" xmlns="http://schemas.microsoft.com/developer/msbuild/2003">
  <ItemGroup>
    <Filter Include="ソース ファイル">
      <UniqueIdentifier>{4FC737F1-C7A5-4376-A066-2A32D752A2FF}</UniqueIdentifier>
      <Extensions>cpp;c;cc;cxx;def;odl;idl;hpj;bat;asm;asmx</Extensions>
    </Filter>
    <Filter Include="ヘッダー ファイル">
      <UniqueIdentifier>{93995380-89BD-4b04-88EB-625FBE52EBFB}</UniqueIdentifier>
      <Extensions>h;hh;hpp;hxx;hm;inl;inc;ipp;xsd</Extensions>
    </Filter>
    <Filter Include="リソース ファイル">
      <UniqueIdentifier>{67DA6AB6-F800-4c08-8B7A-83BB121AAD01}</UniqueIdentifier>
      <Extensions>rc;ico;cur;bmp;dlg;rc2;rct;bin;rgs;gif;jpg;jpeg;jpe;resx;tiff;tif;png;wav;mfcribbon-ms</Extensions>
    </Filter>
    <Filter Include="ソース ファイル\scene">
      <UniqueIdentifier>{2917c044-c228-43b0-83ae-0f0c3ffb3db6}</UniqueIdentifier>
    </Filter>
    <Filter Include="ヘッダー ファイル\scene">
      <UniqueIdentifier>{4394d6a7-8049-416c-b83a-bd9111cea5ea}</UniqueIdentifier>
    </Filter>
    <Filter Include="ヘッダー ファイル\character">
      <UniqueIdentifier>{e137ddbd-e8ab-4ea0-9aec-e7bef64e55f4}</UniqueIdentifier>
    </Filter>
    <Filter Include="ソース ファイル\character">
      <UniqueIdentifier>{6cac8b46-bc34-42ff-bb23-80d50000296f}</UniqueIdentifier>
    </Filter>
    <Filter Include="ソース ファイル\character\AIState">
      <UniqueIdentifier>{9c984362-b5a0-43e9-9664-3ca546cba5fa}</UniqueIdentifier>
    </Filter>
    <Filter Include="ヘッダー ファイル\character\AIState">
      <UniqueIdentifier>{fbbdde41-8c25-4962-a2aa-f8eca5b8a664}</UniqueIdentifier>
    </Filter>
    <Filter Include="ヘッダー ファイル\collision">
      <UniqueIdentifier>{0c8f1523-b1f6-4189-8d18-cf77971476d6}</UniqueIdentifier>
    </Filter>
    <Filter Include="ソース ファイル\collision">
      <UniqueIdentifier>{36c7d991-b606-4cd4-acfb-cd27f22fe7fa}</UniqueIdentifier>
    </Filter>
    <Filter Include="ヘッダー ファイル\manager">
      <UniqueIdentifier>{7f831020-ac3e-45d5-84f8-dd8064fad4fd}</UniqueIdentifier>
    </Filter>
    <Filter Include="ソース ファイル\manager">
      <UniqueIdentifier>{278effe3-291c-42b7-b88d-592aa8fcb360}</UniqueIdentifier>
    </Filter>
  </ItemGroup>
  <ItemGroup>
    <ClCompile Include="src\GameCtrl.cpp">
      <Filter>ソース ファイル</Filter>
    </ClCompile>
    <ClCompile Include="src\Main.cpp">
      <Filter>ソース ファイル</Filter>
    </ClCompile>
    <ClCompile Include="src\Obj.cpp">
      <Filter>ソース ファイル</Filter>
    </ClCompile>
    <ClCompile Include="src\VECTOR2.cpp">
      <Filter>ソース ファイル</Filter>
    </ClCompile>
    <ClCompile Include="src\Character.cpp">
      <Filter>ソース ファイル\character</Filter>
    </ClCompile>
    <ClCompile Include="src\BaseScene.cpp">
      <Filter>ソース ファイル\scene</Filter>
    </ClCompile>
    <ClCompile Include="src\GameScene.cpp">
      <Filter>ソース ファイル\scene</Filter>
    </ClCompile>
    <ClCompile Include="src\Shot.cpp">
      <Filter>ソース ファイル</Filter>
    </ClCompile>
    <ClCompile Include="src\SelectScene.cpp">
      <Filter>ソース ファイル\scene</Filter>
    </ClCompile>
    <ClCompile Include="src\TitleScene.cpp">
      <Filter>ソース ファイル\scene</Filter>
    </ClCompile>
    <ClCompile Include="src\AICharacter.cpp">
      <Filter>ソース ファイル\character</Filter>
    </ClCompile>
    <ClCompile Include="src\CharSelCursor.cpp">
      <Filter>ソース ファイル</Filter>
    </ClCompile>
    <ClCompile Include="src\AIState.cpp">
      <Filter>ソース ファイル\character\AIState</Filter>
    </ClCompile>
    <ClCompile Include="src\MoveState.cpp">
      <Filter>ソース ファイル\character\AIState</Filter>
    </ClCompile>
    <ClCompile Include="src\WaitState.cpp">
      <Filter>ソース ファイル\character\AIState</Filter>
    </ClCompile>
    <ClCompile Include="src\JumpState.cpp">
      <Filter>ソース ファイル\character\AIState</Filter>
    </ClCompile>
    <ClCompile Include="src\LongAttackState.cpp">
      <Filter>ソース ファイル\character\AIState</Filter>
    </ClCompile>
    <ClCompile Include="src\AttackState.cpp">
      <Filter>ソース ファイル\character\AIState</Filter>
    </ClCompile>
    <ClCompile Include="src\StickHuman.cpp">
      <Filter>ソース ファイル\character</Filter>
    </ClCompile>
    <ClCompile Include="src\AIStickHuman.cpp">
      <Filter>ソース ファイル\character</Filter>
    </ClCompile>
    <ClCompile Include="src\Collision.cpp">
      <Filter>ソース ファイル\collision</Filter>
    </ClCompile>
    <ClCompile Include="src\CollisionMng.cpp">
      <Filter>ソース ファイル\collision</Filter>
    </ClCompile>
    <ClCompile Include="src\FrameMng.cpp">
      <Filter>ソース ファイル\manager</Filter>
    </ClCompile>
    <ClCompile Include="src\ImageMng.cpp">
      <Filter>ソース ファイル\manager</Filter>
    </ClCompile>
    <ClCompile Include="src\SceneMng.cpp">
      <Filter>ソース ファイル\manager</Filter>
    </ClCompile>
    <ClCompile Include="src\GuardState.cpp">
      <Filter>ソース ファイル\character\AIState</Filter>
    </ClCompile>
  </ItemGroup>
  <ItemGroup>
    <ClInclude Include="src\GameCtrl.h">
      <Filter>ヘッダー ファイル</Filter>
    </ClInclude>
    <ClInclude Include="src\Obj.h">
      <Filter>ヘッダー ファイル</Filter>
    </ClInclude>
    <ClInclude Include="src\ObjList.h">
      <Filter>ヘッダー ファイル</Filter>
    </ClInclude>
    <ClInclude Include="src\VECTOR2.h">
      <Filter>ヘッダー ファイル</Filter>
    </ClInclude>
    <ClInclude Include="src\BaseScene.h">
      <Filter>ヘッダー ファイル\scene</Filter>
    </ClInclude>
    <ClInclude Include="src\GameScene.h">
      <Filter>ヘッダー ファイル\scene</Filter>
    </ClInclude>
    <ClInclude Include="src\Character.h">
      <Filter>ヘッダー ファイル\character</Filter>
    </ClInclude>
    <ClInclude Include="src\Shot.h">
      <Filter>ヘッダー ファイル</Filter>
    </ClInclude>
    <ClInclude Include="src\SelectScene.h">
      <Filter>ヘッダー ファイル\scene</Filter>
    </ClInclude>
    <ClInclude Include="src\TitleScene.h">
      <Filter>ヘッダー ファイル\scene</Filter>
    </ClInclude>
    <ClInclude Include="src\AICharacter.h">
      <Filter>ヘッダー ファイル\character</Filter>
    </ClInclude>
    <ClInclude Include="src\CharSelCursor.h">
      <Filter>ヘッダー ファイル</Filter>
    </ClInclude>
    <ClInclude Include="src\AIState.h">
      <Filter>ヘッダー ファイル\character\AIState</Filter>
    </ClInclude>
    <ClInclude Include="src\MoveState.h">
      <Filter>ヘッダー ファイル\character\AIState</Filter>
    </ClInclude>
    <ClInclude Include="src\WaitState.h">
      <Filter>ヘッダー ファイル\character\AIState</Filter>
    </ClInclude>
    <ClInclude Include="src\JumpState.h">
      <Filter>ヘッダー ファイル\character\AIState</Filter>
    </ClInclude>
    <ClInclude Include="src\AttackState.h">
      <Filter>ヘッダー ファイル\character\AIState</Filter>
    </ClInclude>
    <ClInclude Include="src\LongAttackState.h">
      <Filter>ヘッダー ファイル\character\AIState</Filter>
    </ClInclude>
    <ClInclude Include="src\StickHuman.h">
      <Filter>ヘッダー ファイル\character</Filter>
    </ClInclude>
    <ClInclude Include="src\AIStickHuman.h">
      <Filter>ヘッダー ファイル\character</Filter>
    </ClInclude>
    <ClInclude Include="src\Collision.h">
      <Filter>ヘッダー ファイル\collision</Filter>
    </ClInclude>
    <ClInclude Include="src\CollisionMng.h">
      <Filter>ヘッダー ファイル\collision</Filter>
    </ClInclude>
    <ClInclude Include="src\FrameMng.h">
      <Filter>ヘッダー ファイル\manager</Filter>
    </ClInclude>
    <ClInclude Include="src\ImageMng.h">
      <Filter>ヘッダー ファイル\manager</Filter>
    </ClInclude>
    <ClInclude Include="src\SceneMng.h">
      <Filter>ヘッダー ファイル\manager</Filter>
    </ClInclude>
    <ClInclude Include="src\GuardState.h">
      <Filter>ヘッダー ファイル\character\AIState</Filter>
    </ClInclude>
  </ItemGroup>
</Project>